// !$*UTF8*$!
{
	archiveVersion = 1;
	classes = {
	};
	objectVersion = 55;
	objects = {

/* Begin PBXBuildFile section */
		868777352C7CA4B000321FAE /* QuickFocusCell.swift in Sources */ = {isa = PBXBuildFile; fileRef = 868777342C7CA4B000321FAE /* QuickFocusCell.swift */; };
		868777372C7CA55E00321FAE /* QuickFocus.swift in Sources */ = {isa = PBXBuildFile; fileRef = 868777362C7CA55E00321FAE /* QuickFocus.swift */; };
		868777392C7CAC4D00321FAE /* QuickFocusHeaderView.swift in Sources */ = {isa = PBXBuildFile; fileRef = 868777382C7CAC4D00321FAE /* QuickFocusHeaderView.swift */; };
		86D05D0E2C7B910100D9C224 /* FocusViewController.swift in Sources */ = {isa = PBXBuildFile; fileRef = 86D05D0D2C7B910100D9C224 /* FocusViewController.swift */; };
		86D05D102C7B936900D9C224 /* FocusCell.swift in Sources */ = {isa = PBXBuildFile; fileRef = 86D05D0F2C7B936900D9C224 /* FocusCell.swift */; };
		86FCFC352C7CA21900DBC257 /* QuickFocusListViewController.swift in Sources */ = {isa = PBXBuildFile; fileRef = 86FCFC322C7CA21900DBC257 /* QuickFocusListViewController.swift */; };
		86FCFC372C7CA22F00DBC257 /* QuickFocus.storyboard in Resources */ = {isa = PBXBuildFile; fileRef = 86FCFC362C7CA22F00DBC257 /* QuickFocus.storyboard */; };
		943BB54328150EFA005A1B6E /* AppDelegate.swift in Sources */ = {isa = PBXBuildFile; fileRef = 943BB54228150EFA005A1B6E /* AppDelegate.swift */; };
		943BB54528150EFA005A1B6E /* SceneDelegate.swift in Sources */ = {isa = PBXBuildFile; fileRef = 943BB54428150EFA005A1B6E /* SceneDelegate.swift */; };
		943BB54A28150EFA005A1B6E /* Main.storyboard in Resources */ = {isa = PBXBuildFile; fileRef = 943BB54828150EFA005A1B6E /* Main.storyboard */; };
		943BB54C28150EFB005A1B6E /* Assets.xcassets in Resources */ = {isa = PBXBuildFile; fileRef = 943BB54B28150EFB005A1B6E /* Assets.xcassets */; };
		943BB54F28150EFB005A1B6E /* LaunchScreen.storyboard in Resources */ = {isa = PBXBuildFile; fileRef = 943BB54D28150EFB005A1B6E /* LaunchScreen.storyboard */; };
		943BB57728151183005A1B6E /* Focus.swift in Sources */ = {isa = PBXBuildFile; fileRef = 943BB57628151183005A1B6E /* Focus.swift */; };
/* End PBXBuildFile section */

/* Begin PBXFileReference section */
		868777342C7CA4B000321FAE /* QuickFocusCell.swift */ = {isa = PBXFileReference; lastKnownFileType = sourcecode.swift; path = QuickFocusCell.swift; sourceTree = "<group>"; };
		868777362C7CA55E00321FAE /* QuickFocus.swift */ = {isa = PBXFileReference; lastKnownFileType = sourcecode.swift; path = QuickFocus.swift; sourceTree = "<group>"; };
		868777382C7CAC4D00321FAE /* QuickFocusHeaderView.swift */ = {isa = PBXFileReference; lastKnownFileType = sourcecode.swift; path = QuickFocusHeaderView.swift; sourceTree = "<group>"; };
		86D05D0D2C7B910100D9C224 /* FocusViewController.swift */ = {isa = PBXFileReference; lastKnownFileType = sourcecode.swift; path = FocusViewController.swift; sourceTree = "<group>"; };
		86D05D0F2C7B936900D9C224 /* FocusCell.swift */ = {isa = PBXFileReference; lastKnownFileType = sourcecode.swift; path = FocusCell.swift; sourceTree = "<group>"; };
		86FCFC322C7CA21900DBC257 /* QuickFocusListViewController.swift */ = {isa = PBXFileReference; lastKnownFileType = sourcecode.swift; path = QuickFocusListViewController.swift; sourceTree = "<group>"; };
		86FCFC362C7CA22F00DBC257 /* QuickFocus.storyboard */ = {isa = PBXFileReference; lastKnownFileType = file.storyboard; path = QuickFocus.storyboard; sourceTree = "<group>"; };
		943BB53F28150EFA005A1B6E /* HeadSpaceFocus.app */ = {isa = PBXFileReference; explicitFileType = wrapper.application; includeInIndex = 0; path = HeadSpaceFocus.app; sourceTree = BUILT_PRODUCTS_DIR; };
		943BB54228150EFA005A1B6E /* AppDelegate.swift */ = {isa = PBXFileReference; lastKnownFileType = sourcecode.swift; path = AppDelegate.swift; sourceTree = "<group>"; };
		943BB54428150EFA005A1B6E /* SceneDelegate.swift */ = {isa = PBXFileReference; lastKnownFileType = sourcecode.swift; path = SceneDelegate.swift; sourceTree = "<group>"; };
		943BB54928150EFA005A1B6E /* Base */ = {isa = PBXFileReference; lastKnownFileType = file.storyboard; name = Base; path = Base.lproj/Main.storyboard; sourceTree = "<group>"; };
		943BB54B28150EFB005A1B6E /* Assets.xcassets */ = {isa = PBXFileReference; lastKnownFileType = folder.assetcatalog; path = Assets.xcassets; sourceTree = "<group>"; };
		943BB54E28150EFB005A1B6E /* Base */ = {isa = PBXFileReference; lastKnownFileType = file.storyboard; name = Base; path = Base.lproj/LaunchScreen.storyboard; sourceTree = "<group>"; };
		943BB55028150EFB005A1B6E /* Info.plist */ = {isa = PBXFileReference; lastKnownFileType = text.plist.xml; path = Info.plist; sourceTree = "<group>"; };
		943BB57628151183005A1B6E /* Focus.swift */ = {isa = PBXFileReference; lastKnownFileType = sourcecode.swift; path = Focus.swift; sourceTree = "<group>"; };
/* End PBXFileReference section */

/* Begin PBXFrameworksBuildPhase section */
		943BB53C28150EFA005A1B6E /* Frameworks */ = {
			isa = PBXFrameworksBuildPhase;
			buildActionMask = 2147483647;
			files = (
			);
			runOnlyForDeploymentPostprocessing = 0;
		};
/* End PBXFrameworksBuildPhase section */

/* Begin PBXGroup section */
		8687773A2C7CACC200321FAE /* DB */ = {
			isa = PBXGroup;
			children = (
				943BB57628151183005A1B6E /* Focus.swift */,
				868777362C7CA55E00321FAE /* QuickFocus.swift */,
			);
			path = DB;
			sourceTree = "<group>";
		};
		8687773B2C7CACCB00321FAE /* Storyboard */ = {
			isa = PBXGroup;
			children = (
				943BB54828150EFA005A1B6E /* Main.storyboard */,
				86FCFC362C7CA22F00DBC257 /* QuickFocus.storyboard */,
				943BB54D28150EFB005A1B6E /* LaunchScreen.storyboard */,
			);
			path = Storyboard;
			sourceTree = "<group>";
		};
		8687773C2C7CACD700321FAE /* QuickFocus */ = {
			isa = PBXGroup;
			children = (
				86FCFC322C7CA21900DBC257 /* QuickFocusListViewController.swift */,
				868777382C7CAC4D00321FAE /* QuickFocusHeaderView.swift */,
				868777342C7CA4B000321FAE /* QuickFocusCell.swift */,
			);
			path = QuickFocus;
			sourceTree = "<group>";
		};
		8687773D2C7CACDD00321FAE /* Focus */ = {
			isa = PBXGroup;
			children = (
				86D05D0F2C7B936900D9C224 /* FocusCell.swift */,
				86D05D0D2C7B910100D9C224 /* FocusViewController.swift */,
			);
			path = Focus;
			sourceTree = "<group>";
		};
		943BB53628150EFA005A1B6E = {
			isa = PBXGroup;
			children = (
				943BB54128150EFA005A1B6E /* HeadSpaceFocus */,
				943BB54028150EFA005A1B6E /* Products */,
			);
			sourceTree = "<group>";
		};
		943BB54028150EFA005A1B6E /* Products */ = {
			isa = PBXGroup;
			children = (
				943BB53F28150EFA005A1B6E /* HeadSpaceFocus.app */,
			);
			name = Products;
			sourceTree = "<group>";
		};
		943BB54128150EFA005A1B6E /* HeadSpaceFocus */ = {
			isa = PBXGroup;
			children = (
				943BB54228150EFA005A1B6E /* AppDelegate.swift */,
				943BB54428150EFA005A1B6E /* SceneDelegate.swift */,
				8687773A2C7CACC200321FAE /* DB */,
				8687773B2C7CACCB00321FAE /* Storyboard */,
				8687773C2C7CACD700321FAE /* QuickFocus */,
				8687773D2C7CACDD00321FAE /* Focus */,
				943BB54B28150EFB005A1B6E /* Assets.xcassets */,
				943BB55028150EFB005A1B6E /* Info.plist */,
			);
			path = HeadSpaceFocus;
			sourceTree = "<group>";
		};
/* End PBXGroup section */

/* Begin PBXNativeTarget section */
		943BB53E28150EFA005A1B6E /* HeadSpaceFocus */ = {
			isa = PBXNativeTarget;
			buildConfigurationList = 943BB56928150EFB005A1B6E /* Build configuration list for PBXNativeTarget "HeadSpaceFocus" */;
			buildPhases = (
				943BB53B28150EFA005A1B6E /* Sources */,
				943BB53C28150EFA005A1B6E /* Frameworks */,
				943BB53D28150EFA005A1B6E /* Resources */,
			);
			buildRules = (
			);
			dependencies = (
			);
			name = HeadSpaceFocus;
			productName = HeadSpaceFocus;
			productReference = 943BB53F28150EFA005A1B6E /* HeadSpaceFocus.app */;
			productType = "com.apple.product-type.application";
		};
/* End PBXNativeTarget section */

/* Begin PBXProject section */
		943BB53728150EFA005A1B6E /* Project object */ = {
			isa = PBXProject;
			attributes = {
				BuildIndependentTargetsInParallel = 1;
				LastSwiftUpdateCheck = 1330;
				LastUpgradeCheck = 1540;
				TargetAttributes = {
					943BB53E28150EFA005A1B6E = {
						CreatedOnToolsVersion = 13.3.1;
					};
				};
			};
			buildConfigurationList = 943BB53A28150EFA005A1B6E /* Build configuration list for PBXProject "HeadSpaceFocus" */;
			compatibilityVersion = "Xcode 13.0";
			developmentRegion = en;
			hasScannedForEncodings = 0;
			knownRegions = (
				en,
				Base,
			);
			mainGroup = 943BB53628150EFA005A1B6E;
			productRefGroup = 943BB54028150EFA005A1B6E /* Products */;
			projectDirPath = "";
			projectRoot = "";
			targets = (
				943BB53E28150EFA005A1B6E /* HeadSpaceFocus */,
			);
		};
/* End PBXProject section */

/* Begin PBXResourcesBuildPhase section */
		943BB53D28150EFA005A1B6E /* Resources */ = {
			isa = PBXResourcesBuildPhase;
			buildActionMask = 2147483647;
			files = (
				943BB54F28150EFB005A1B6E /* LaunchScreen.storyboard in Resources */,
				86FCFC372C7CA22F00DBC257 /* QuickFocus.storyboard in Resources */,
				943BB54C28150EFB005A1B6E /* Assets.xcassets in Resources */,
				943BB54A28150EFA005A1B6E /* Main.storyboard in Resources */,
			);
			runOnlyForDeploymentPostprocessing = 0;
		};
/* End PBXResourcesBuildPhase section */

/* Begin PBXSourcesBuildPhase section */
		943BB53B28150EFA005A1B6E /* Sources */ = {
			isa = PBXSourcesBuildPhase;
			buildActionMask = 2147483647;
			files = (
				868777372C7CA55E00321FAE /* QuickFocus.swift in Sources */,
				943BB57728151183005A1B6E /* Focus.swift in Sources */,
				943BB54328150EFA005A1B6E /* AppDelegate.swift in Sources */,
				86D05D102C7B936900D9C224 /* FocusCell.swift in Sources */,
				86FCFC352C7CA21900DBC257 /* QuickFocusListViewController.swift in Sources */,
				868777392C7CAC4D00321FAE /* QuickFocusHeaderView.swift in Sources */,
				868777352C7CA4B000321FAE /* QuickFocusCell.swift in Sources */,
				943BB54528150EFA005A1B6E /* SceneDelegate.swift in Sources */,
				86D05D0E2C7B910100D9C224 /* FocusViewController.swift in Sources */,
			);
			runOnlyForDeploymentPostprocessing = 0;
		};
/* End PBXSourcesBuildPhase section */

/* Begin PBXVariantGroup section */
		943BB54828150EFA005A1B6E /* Main.storyboard */ = {
			isa = PBXVariantGroup;
			children = (
				943BB54928150EFA005A1B6E /* Base */,
			);
			name = Main.storyboard;
			sourceTree = "<group>";
		};
		943BB54D28150EFB005A1B6E /* LaunchScreen.storyboard */ = {
			isa = PBXVariantGroup;
			children = (
				943BB54E28150EFB005A1B6E /* Base */,
			);
			name = LaunchScreen.storyboard;
			sourceTree = "<group>";
		};
/* End PBXVariantGroup section */

/* Begin XCBuildConfiguration section */
		943BB56728150EFB005A1B6E /* Debug */ = {
			isa = XCBuildConfiguration;
			buildSettings = {
				ALWAYS_SEARCH_USER_PATHS = NO;
				CLANG_ANALYZER_NONNULL = YES;
				CLANG_ANALYZER_NUMBER_OBJECT_CONVERSION = YES_AGGRESSIVE;
				CLANG_CXX_LANGUAGE_STANDARD = "gnu++17";
				CLANG_ENABLE_MODULES = YES;
				CLANG_ENABLE_OBJC_ARC = YES;
				CLANG_ENABLE_OBJC_WEAK = YES;
				CLANG_WARN_BLOCK_CAPTURE_AUTORELEASING = YES;
				CLANG_WARN_BOOL_CONVERSION = YES;
				CLANG_WARN_COMMA = YES;
				CLANG_WARN_CONSTANT_CONVERSION = YES;
				CLANG_WARN_DEPRECATED_OBJC_IMPLEMENTATIONS = YES;
				CLANG_WARN_DIRECT_OBJC_ISA_USAGE = YES_ERROR;
				CLANG_WARN_DOCUMENTATION_COMMENTS = YES;
				CLANG_WARN_EMPTY_BODY = YES;
				CLANG_WARN_ENUM_CONVERSION = YES;
				CLANG_WARN_INFINITE_RECURSION = YES;
				CLANG_WARN_INT_CONVERSION = YES;
				CLANG_WARN_NON_LITERAL_NULL_CONVERSION = YES;
				CLANG_WARN_OBJC_IMPLICIT_RETAIN_SELF = YES;
				CLANG_WARN_OBJC_LITERAL_CONVERSION = YES;
				CLANG_WARN_OBJC_ROOT_CLASS = YES_ERROR;
				CLANG_WARN_QUOTED_INCLUDE_IN_FRAMEWORK_HEADER = YES;
				CLANG_WARN_RANGE_LOOP_ANALYSIS = YES;
				CLANG_WARN_STRICT_PROTOTYPES = YES;
				CLANG_WARN_SUSPICIOUS_MOVE = YES;
				CLANG_WARN_UNGUARDED_AVAILABILITY = YES_AGGRESSIVE;
				CLANG_WARN_UNREACHABLE_CODE = YES;
				CLANG_WARN__DUPLICATE_METHOD_MATCH = YES;
				COPY_PHASE_STRIP = NO;
				DEBUG_INFORMATION_FORMAT = dwarf;
				ENABLE_STRICT_OBJC_MSGSEND = YES;
				ENABLE_TESTABILITY = YES;
				ENABLE_USER_SCRIPT_SANDBOXING = YES;
				GCC_C_LANGUAGE_STANDARD = gnu11;
				GCC_DYNAMIC_NO_PIC = NO;
				GCC_NO_COMMON_BLOCKS = YES;
				GCC_OPTIMIZATION_LEVEL = 0;
				GCC_PREPROCESSOR_DEFINITIONS = (
					"DEBUG=1",
					"$(inherited)",
				);
				GCC_WARN_64_TO_32_BIT_CONVERSION = YES;
				GCC_WARN_ABOUT_RETURN_TYPE = YES_ERROR;
				GCC_WARN_UNDECLARED_SELECTOR = YES;
				GCC_WARN_UNINITIALIZED_AUTOS = YES_AGGRESSIVE;
				GCC_WARN_UNUSED_FUNCTION = YES;
				GCC_WARN_UNUSED_VARIABLE = YES;
				IPHONEOS_DEPLOYMENT_TARGET = 17.5;
				MTL_ENABLE_DEBUG_INFO = INCLUDE_SOURCE;
				MTL_FAST_MATH = YES;
				ONLY_ACTIVE_ARCH = YES;
				SDKROOT = iphoneos;
				SWIFT_ACTIVE_COMPILATION_CONDITIONS = DEBUG;
				SWIFT_OPTIMIZATION_LEVEL = "-Onone";
			};
			name = Debug;
		};
		943BB56828150EFB005A1B6E /* Release */ = {
			isa = XCBuildConfiguration;
			buildSettings = {
				ALWAYS_SEARCH_USER_PATHS = NO;
				CLANG_ANALYZER_NONNULL = YES;
				CLANG_ANALYZER_NUMBER_OBJECT_CONVERSION = YES_AGGRESSIVE;
				CLANG_CXX_LANGUAGE_STANDARD = "gnu++17";
				CLANG_ENABLE_MODULES = YES;
				CLANG_ENABLE_OBJC_ARC = YES;
				CLANG_ENABLE_OBJC_WEAK = YES;
				CLANG_WARN_BLOCK_CAPTURE_AUTORELEASING = YES;
				CLANG_WARN_BOOL_CONVERSION = YES;
				CLANG_WARN_COMMA = YES;
				CLANG_WARN_CONSTANT_CONVERSION = YES;
				CLANG_WARN_DEPRECATED_OBJC_IMPLEMENTATIONS = YES;
				CLANG_WARN_DIRECT_OBJC_ISA_USAGE = YES_ERROR;
				CLANG_WARN_DOCUMENTATION_COMMENTS = YES;
				CLANG_WARN_EMPTY_BODY = YES;
				CLANG_WARN_ENUM_CONVERSION = YES;
				CLANG_WARN_INFINITE_RECURSION = YES;
				CLANG_WARN_INT_CONVERSION = YES;
				CLANG_WARN_NON_LITERAL_NULL_CONVERSION = YES;
				CLANG_WARN_OBJC_IMPLICIT_RETAIN_SELF = YES;
				CLANG_WARN_OBJC_LITERAL_CONVERSION = YES;
				CLANG_WARN_OBJC_ROOT_CLASS = YES_ERROR;
				CLANG_WARN_QUOTED_INCLUDE_IN_FRAMEWORK_HEADER = YES;
				CLANG_WARN_RANGE_LOOP_ANALYSIS = YES;
				CLANG_WARN_STRICT_PROTOTYPES = YES;
				CLANG_WARN_SUSPICIOUS_MOVE = YES;
				CLANG_WARN_UNGUARDED_AVAILABILITY = YES_AGGRESSIVE;
				CLANG_WARN_UNREACHABLE_CODE = YES;
				CLANG_WARN__DUPLICATE_METHOD_MATCH = YES;
				COPY_PHASE_STRIP = NO;
				DEBUG_INFORMATION_FORMAT = "dwarf-with-dsym";
				ENABLE_NS_ASSERTIONS = NO;
				ENABLE_STRICT_OBJC_MSGSEND = YES;
				ENABLE_USER_SCRIPT_SANDBOXING = YES;
				GCC_C_LANGUAGE_STANDARD = gnu11;
				GCC_NO_COMMON_BLOCKS = YES;
				GCC_WARN_64_TO_32_BIT_CONVERSION = YES;
				GCC_WARN_ABOUT_RETURN_TYPE = YES_ERROR;
				GCC_WARN_UNDECLARED_SELECTOR = YES;
				GCC_WARN_UNINITIALIZED_AUTOS = YES_AGGRESSIVE;
				GCC_WARN_UNUSED_FUNCTION = YES;
				GCC_WARN_UNUSED_VARIABLE = YES;
				IPHONEOS_DEPLOYMENT_TARGET = 17.5;
				MTL_ENABLE_DEBUG_INFO = NO;
				MTL_FAST_MATH = YES;
				SDKROOT = iphoneos;
				SWIFT_COMPILATION_MODE = wholemodule;
				SWIFT_OPTIMIZATION_LEVEL = "-O";
				VALIDATE_PRODUCT = YES;
			};
			name = Release;
		};
		943BB56A28150EFB005A1B6E /* Debug */ = {
			isa = XCBuildConfiguration;
			buildSettings = {
				ASSETCATALOG_COMPILER_APPICON_NAME = AppIcon;
				ASSETCATALOG_COMPILER_GLOBAL_ACCENT_COLOR_NAME = AccentColor;
				CODE_SIGN_IDENTITY = "Apple Development";
				CODE_SIGN_STYLE = Automatic;
				CURRENT_PROJECT_VERSION = 1;
				DEVELOPMENT_TEAM = Y333NVBXPT;
				GENERATE_INFOPLIST_FILE = YES;
				INFOPLIST_FILE = HeadSpaceFocus/Info.plist;
				INFOPLIST_KEY_UIApplicationSupportsIndirectInputEvents = YES;
				INFOPLIST_KEY_UILaunchStoryboardName = LaunchScreen;
				INFOPLIST_KEY_UIMainStoryboardFile = Main;
				INFOPLIST_KEY_UISupportedInterfaceOrientations_iPad = "UIInterfaceOrientationPortrait UIInterfaceOrientationPortraitUpsideDown UIInterfaceOrientationLandscapeLeft UIInterfaceOrientationLandscapeRight";
				INFOPLIST_KEY_UISupportedInterfaceOrientations_iPhone = "UIInterfaceOrientationPortrait UIInterfaceOrientationLandscapeLeft UIInterfaceOrientationLandscapeRight";
				IPHONEOS_DEPLOYMENT_TARGET = 15.0;
				LD_RUNPATH_SEARCH_PATHS = (
					"$(inherited)",
					"@executable_path/Frameworks",
				);
				MARKETING_VERSION = 1.0;
				PRODUCT_BUNDLE_IDENTIFIER = CloneCoding.HeadSpaceFocus;
				PRODUCT_NAME = "$(TARGET_NAME)";
				PROVISIONING_PROFILE_SPECIFIER = "";
				SWIFT_EMIT_LOC_STRINGS = YES;
				SWIFT_VERSION = 5.0;
				TARGETED_DEVICE_FAMILY = "1,2";
			};
			name = Debug;
		};
		943BB56B28150EFB005A1B6E /* Release */ = {
			isa = XCBuildConfiguration;
			buildSettings = {
				ASSETCATALOG_COMPILER_APPICON_NAME = AppIcon;
				ASSETCATALOG_COMPILER_GLOBAL_ACCENT_COLOR_NAME = AccentColor;
				CODE_SIGN_IDENTITY = "Apple Development";
				CODE_SIGN_STYLE = Automatic;
				CURRENT_PROJECT_VERSION = 1;
				DEVELOPMENT_TEAM = Y333NVBXPT;
				GENERATE_INFOPLIST_FILE = YES;
				INFOPLIST_FILE = HeadSpaceFocus/Info.plist;
				INFOPLIST_KEY_UIApplicationSupportsIndirectInputEvents = YES;
				INFOPLIST_KEY_UILaunchStoryboardName = LaunchScreen;
				INFOPLIST_KEY_UIMainStoryboardFile = Main;
				INFOPLIST_KEY_UISupportedInterfaceOrientations_iPad = "UIInterfaceOrientationPortrait UIInterfaceOrientationPortraitUpsideDown UIInterfaceOrientationLandscapeLeft UIInterfaceOrientationLandscapeRight";
				INFOPLIST_KEY_UISupportedInterfaceOrientations_iPhone = "UIInterfaceOrientationPortrait UIInterfaceOrientationLandscapeLeft UIInterfaceOrientationLandscapeRight";
				IPHONEOS_DEPLOYMENT_TARGET = 15.0;
				LD_RUNPATH_SEARCH_PATHS = (
					"$(inherited)",
					"@executable_path/Frameworks",
				);
				MARKETING_VERSION = 1.0;
				PRODUCT_BUNDLE_IDENTIFIER = CloneCoding.HeadSpaceFocus;
				PRODUCT_NAME = "$(TARGET_NAME)";
				PROVISIONING_PROFILE_SPECIFIER = "";
				SWIFT_EMIT_LOC_STRINGS = YES;
				SWIFT_VERSION = 5.0;
				TARGETED_DEVICE_FAMILY = "1,2";
			};
			name = Release;
		};
/* End XCBuildConfiguration section */

/* Begin XCConfigurationList section */
		943BB53A28150EFA005A1B6E /* Build configuration list for PBXProject "HeadSpaceFocus" */ = {
			isa = XCConfigurationList;
			buildConfigurations = (
				943BB56728150EFB005A1B6E /* Debug */,
				943BB56828150EFB005A1B6E /* Release */,
			);
			defaultConfigurationIsVisible = 0;
			defaultConfigurationName = Release;
		};
		943BB56928150EFB005A1B6E /* Build configuration list for PBXNativeTarget "HeadSpaceFocus" */ = {
			isa = XCConfigurationList;
			buildConfigurations = (
				943BB56A28150EFB005A1B6E /* Debug */,
				943BB56B28150EFB005A1B6E /* Release */,
			);
			defaultConfigurationIsVisible = 0;
			defaultConfigurationName = Release;
		};
/* End XCConfigurationList section */
	};
	rootObject = 943BB53728150EFA005A1B6E /* Project object */;
}
