// !$*UTF8*$!
{
	archiveVersion = 1;
	classes = {
	};
	objectVersion = 56;
	objects = {

/* Begin PBXBuildFile section */
		864BA6062AB2C47700816BAD /* PostService.swift in Sources */ = {isa = PBXBuildFile; fileRef = 864BA6052AB2C47700816BAD /* PostService.swift */; };
		864BA6092AB2CDC600816BAD /* TeachableService.swift in Sources */ = {isa = PBXBuildFile; fileRef = 864BA6082AB2CDC600816BAD /* TeachableService.swift */; };
		865BF9662AA83EDE002766C4 /* TeachableResponse.swift in Sources */ = {isa = PBXBuildFile; fileRef = 865BF9652AA83EDE002766C4 /* TeachableResponse.swift */; };
		865BF9682AA83F68002766C4 /* TeachableViewModel.swift in Sources */ = {isa = PBXBuildFile; fileRef = 865BF9672AA83F68002766C4 /* TeachableViewModel.swift */; };
		867F67522AA62111004AE0EE /* MoyaTutorialApp.swift in Sources */ = {isa = PBXBuildFile; fileRef = 867F67512AA62111004AE0EE /* MoyaTutorialApp.swift */; };
		867F67542AA62111004AE0EE /* ContentView.swift in Sources */ = {isa = PBXBuildFile; fileRef = 867F67532AA62111004AE0EE /* ContentView.swift */; };
		867F67562AA62111004AE0EE /* Assets.xcassets in Resources */ = {isa = PBXBuildFile; fileRef = 867F67552AA62111004AE0EE /* Assets.xcassets */; };
		867F67592AA62112004AE0EE /* Preview Assets.xcassets in Resources */ = {isa = PBXBuildFile; fileRef = 867F67582AA62112004AE0EE /* Preview Assets.xcassets */; };
		867F67612AA6215F004AE0EE /* CombineMoya in Frameworks */ = {isa = PBXBuildFile; productRef = 867F67602AA6215F004AE0EE /* CombineMoya */; };
		867F67632AA6215F004AE0EE /* Moya in Frameworks */ = {isa = PBXBuildFile; productRef = 867F67622AA6215F004AE0EE /* Moya */; };
		867F67652AA6215F004AE0EE /* ReactiveMoya in Frameworks */ = {isa = PBXBuildFile; productRef = 867F67642AA6215F004AE0EE /* ReactiveMoya */; };
		867F67672AA6215F004AE0EE /* RxMoya in Frameworks */ = {isa = PBXBuildFile; productRef = 867F67662AA6215F004AE0EE /* RxMoya */; };
		86B4F9BF2AA8B84C0047ECE0 /* PhotoPickerViewModel.swift in Sources */ = {isa = PBXBuildFile; fileRef = 86B4F9BE2AA8B84C0047ECE0 /* PhotoPickerViewModel.swift */; };
		86B4F9C22AA8B8A60047ECE0 /* PhotoPickerView.swift in Sources */ = {isa = PBXBuildFile; fileRef = 86B4F9C12AA8B8A60047ECE0 /* PhotoPickerView.swift */; };
		86C7E2562AA779B000330D36 /* PostResponse.swift in Sources */ = {isa = PBXBuildFile; fileRef = 86C7E2552AA779B000330D36 /* PostResponse.swift */; };
		86C7E2582AA77AAF00330D36 /* PostViewModel.swift in Sources */ = {isa = PBXBuildFile; fileRef = 86C7E2572AA77AAF00330D36 /* PostViewModel.swift */; };
/* End PBXBuildFile section */

/* Begin PBXFileReference section */
		864BA6052AB2C47700816BAD /* PostService.swift */ = {isa = PBXFileReference; lastKnownFileType = sourcecode.swift; path = PostService.swift; sourceTree = "<group>"; };
		864BA6082AB2CDC600816BAD /* TeachableService.swift */ = {isa = PBXFileReference; lastKnownFileType = sourcecode.swift; path = TeachableService.swift; sourceTree = "<group>"; };
		865BF9652AA83EDE002766C4 /* TeachableResponse.swift */ = {isa = PBXFileReference; lastKnownFileType = sourcecode.swift; path = TeachableResponse.swift; sourceTree = "<group>"; };
		865BF9672AA83F68002766C4 /* TeachableViewModel.swift */ = {isa = PBXFileReference; lastKnownFileType = sourcecode.swift; path = TeachableViewModel.swift; sourceTree = "<group>"; };
		867F674E2AA62111004AE0EE /* MoyaTutorial.app */ = {isa = PBXFileReference; explicitFileType = wrapper.application; includeInIndex = 0; path = MoyaTutorial.app; sourceTree = BUILT_PRODUCTS_DIR; };
		867F67512AA62111004AE0EE /* MoyaTutorialApp.swift */ = {isa = PBXFileReference; lastKnownFileType = sourcecode.swift; path = MoyaTutorialApp.swift; sourceTree = "<group>"; };
		867F67532AA62111004AE0EE /* ContentView.swift */ = {isa = PBXFileReference; lastKnownFileType = sourcecode.swift; path = ContentView.swift; sourceTree = "<group>"; };
		867F67552AA62111004AE0EE /* Assets.xcassets */ = {isa = PBXFileReference; lastKnownFileType = folder.assetcatalog; path = Assets.xcassets; sourceTree = "<group>"; };
		867F67582AA62112004AE0EE /* Preview Assets.xcassets */ = {isa = PBXFileReference; lastKnownFileType = folder.assetcatalog; path = "Preview Assets.xcassets"; sourceTree = "<group>"; };
		86B4F9BE2AA8B84C0047ECE0 /* PhotoPickerViewModel.swift */ = {isa = PBXFileReference; lastKnownFileType = sourcecode.swift; path = PhotoPickerViewModel.swift; sourceTree = "<group>"; };
		86B4F9C12AA8B8A60047ECE0 /* PhotoPickerView.swift */ = {isa = PBXFileReference; lastKnownFileType = sourcecode.swift; path = PhotoPickerView.swift; sourceTree = "<group>"; };
		86C7E2552AA779B000330D36 /* PostResponse.swift */ = {isa = PBXFileReference; lastKnownFileType = sourcecode.swift; path = PostResponse.swift; sourceTree = "<group>"; };
		86C7E2572AA77AAF00330D36 /* PostViewModel.swift */ = {isa = PBXFileReference; lastKnownFileType = sourcecode.swift; path = PostViewModel.swift; sourceTree = "<group>"; };
/* End PBXFileReference section */

/* Begin PBXFrameworksBuildPhase section */
		867F674B2AA62110004AE0EE /* Frameworks */ = {
			isa = PBXFrameworksBuildPhase;
			buildActionMask = 2147483647;
			files = (
				867F67632AA6215F004AE0EE /* Moya in Frameworks */,
				867F67612AA6215F004AE0EE /* CombineMoya in Frameworks */,
				867F67672AA6215F004AE0EE /* RxMoya in Frameworks */,
				867F67652AA6215F004AE0EE /* ReactiveMoya in Frameworks */,
			);
			runOnlyForDeploymentPostprocessing = 0;
		};
/* End PBXFrameworksBuildPhase section */

/* Begin PBXGroup section */
		864BA6072AB2CDAA00816BAD /* TeachableAPI */ = {
			isa = PBXGroup;
			children = (
				865BF9652AA83EDE002766C4 /* TeachableResponse.swift */,
				865BF9672AA83F68002766C4 /* TeachableViewModel.swift */,
				864BA6082AB2CDC600816BAD /* TeachableService.swift */,
			);
			path = TeachableAPI;
			sourceTree = "<group>";
		};
		867F67452AA62110004AE0EE = {
			isa = PBXGroup;
			children = (
				867F67552AA62111004AE0EE /* Assets.xcassets */,
				867F67512AA62111004AE0EE /* MoyaTutorialApp.swift */,
				867F67502AA62111004AE0EE /* MoyaTutorial */,
				867F674F2AA62111004AE0EE /* Products */,
			);
			sourceTree = "<group>";
		};
		867F674F2AA62111004AE0EE /* Products */ = {
			isa = PBXGroup;
			children = (
				867F674E2AA62111004AE0EE /* MoyaTutorial.app */,
			);
			name = Products;
			sourceTree = "<group>";
		};
		867F67502AA62111004AE0EE /* MoyaTutorial */ = {
			isa = PBXGroup;
			children = (
				864BA6072AB2CDAA00816BAD /* TeachableAPI */,
				86C7E2542AA7795500330D36 /* PostAPI */,
				86B4F9C02AA8B8500047ECE0 /* PhotoPicker */,
				86B4F9C12AA8B8A60047ECE0 /* PhotoPickerView.swift */,
				867F67532AA62111004AE0EE /* ContentView.swift */,
				867F67572AA62112004AE0EE /* Preview Content */,
			);
			path = MoyaTutorial;
			sourceTree = "<group>";
		};
		867F67572AA62112004AE0EE /* Preview Content */ = {
			isa = PBXGroup;
			children = (
				867F67582AA62112004AE0EE /* Preview Assets.xcassets */,
			);
			path = "Preview Content";
			sourceTree = "<group>";
		};
		86B4F9C02AA8B8500047ECE0 /* PhotoPicker */ = {
			isa = PBXGroup;
			children = (
				86B4F9BE2AA8B84C0047ECE0 /* PhotoPickerViewModel.swift */,
			);
			path = PhotoPicker;
			sourceTree = "<group>";
		};
		86C7E2542AA7795500330D36 /* PostAPI */ = {
			isa = PBXGroup;
			children = (
				86C7E2552AA779B000330D36 /* PostResponse.swift */,
				864BA6052AB2C47700816BAD /* PostService.swift */,
				86C7E2572AA77AAF00330D36 /* PostViewModel.swift */,
			);
			path = PostAPI;
			sourceTree = "<group>";
		};
/* End PBXGroup section */

/* Begin PBXNativeTarget section */
		867F674D2AA62110004AE0EE /* MoyaTutorial */ = {
			isa = PBXNativeTarget;
			buildConfigurationList = 867F675C2AA62112004AE0EE /* Build configuration list for PBXNativeTarget "MoyaTutorial" */;
			buildPhases = (
				867F674A2AA62110004AE0EE /* Sources */,
				867F674B2AA62110004AE0EE /* Frameworks */,
				867F674C2AA62110004AE0EE /* Resources */,
			);
			buildRules = (
			);
			dependencies = (
			);
			name = MoyaTutorial;
			packageProductDependencies = (
				867F67602AA6215F004AE0EE /* CombineMoya */,
				867F67622AA6215F004AE0EE /* Moya */,
				867F67642AA6215F004AE0EE /* ReactiveMoya */,
				867F67662AA6215F004AE0EE /* RxMoya */,
			);
			productName = MoyaTutorial;
			productReference = 867F674E2AA62111004AE0EE /* MoyaTutorial.app */;
			productType = "com.apple.product-type.application";
		};
/* End PBXNativeTarget section */

/* Begin PBXProject section */
		867F67462AA62110004AE0EE /* Project object */ = {
			isa = PBXProject;
			attributes = {
				BuildIndependentTargetsInParallel = 1;
				LastSwiftUpdateCheck = 1430;
				LastUpgradeCheck = 1430;
				TargetAttributes = {
					867F674D2AA62110004AE0EE = {
						CreatedOnToolsVersion = 14.3.1;
					};
				};
			};
			buildConfigurationList = 867F67492AA62110004AE0EE /* Build configuration list for PBXProject "MoyaTutorial" */;
			compatibilityVersion = "Xcode 14.0";
			developmentRegion = en;
			hasScannedForEncodings = 0;
			knownRegions = (
				en,
				Base,
			);
			mainGroup = 867F67452AA62110004AE0EE;
			packageReferences = (
				867F675F2AA6215F004AE0EE /* XCRemoteSwiftPackageReference "Moya" */,
			);
			productRefGroup = 867F674F2AA62111004AE0EE /* Products */;
			projectDirPath = "";
			projectRoot = "";
			targets = (
				867F674D2AA62110004AE0EE /* MoyaTutorial */,
			);
		};
/* End PBXProject section */

/* Begin PBXResourcesBuildPhase section */
		867F674C2AA62110004AE0EE /* Resources */ = {
			isa = PBXResourcesBuildPhase;
			buildActionMask = 2147483647;
			files = (
				867F67592AA62112004AE0EE /* Preview Assets.xcassets in Resources */,
				867F67562AA62111004AE0EE /* Assets.xcassets in Resources */,
			);
			runOnlyForDeploymentPostprocessing = 0;
		};
/* End PBXResourcesBuildPhase section */

/* Begin PBXSourcesBuildPhase section */
		867F674A2AA62110004AE0EE /* Sources */ = {
			isa = PBXSourcesBuildPhase;
			buildActionMask = 2147483647;
			files = (
				865BF9682AA83F68002766C4 /* TeachableViewModel.swift in Sources */,
				864BA6092AB2CDC600816BAD /* TeachableService.swift in Sources */,
				865BF9662AA83EDE002766C4 /* TeachableResponse.swift in Sources */,
				86C7E2582AA77AAF00330D36 /* PostViewModel.swift in Sources */,
				86B4F9C22AA8B8A60047ECE0 /* PhotoPickerView.swift in Sources */,
				86B4F9BF2AA8B84C0047ECE0 /* PhotoPickerViewModel.swift in Sources */,
				867F67542AA62111004AE0EE /* ContentView.swift in Sources */,
				86C7E2562AA779B000330D36 /* PostResponse.swift in Sources */,
				864BA6062AB2C47700816BAD /* PostService.swift in Sources */,
				867F67522AA62111004AE0EE /* MoyaTutorialApp.swift in Sources */,
			);
			runOnlyForDeploymentPostprocessing = 0;
		};
/* End PBXSourcesBuildPhase section */

/* Begin XCBuildConfiguration section */
		867F675A2AA62112004AE0EE /* Debug */ = {
			isa = XCBuildConfiguration;
			buildSettings = {
				ALWAYS_SEARCH_USER_PATHS = NO;
				CLANG_ANALYZER_NONNULL = YES;
				CLANG_ANALYZER_NUMBER_OBJECT_CONVERSION = YES_AGGRESSIVE;
				CLANG_CXX_LANGUAGE_STANDARD = "gnu++20";
				CLANG_ENABLE_MODULES = YES;
				CLANG_ENABLE_OBJC_ARC = YES;
				CLANG_ENABLE_OBJC_WEAK = YES;
				CLANG_WARN_BLOCK_CAPTURE_AUTORELEASING = YES;
				CLANG_WARN_BOOL_CONVERSION = YES;
				CLANG_WARN_COMMA = YES;
				CLANG_WARN_CONSTANT_CONVERSION = YES;
				CLANG_WARN_DEPRECATED_OBJC_IMPLEMENTATIONS = YES;
				CLANG_WARN_DIRECT_OBJC_ISA_USAGE = YES_ERROR;
				CLANG_WARN_DOCUMENTATION_COMMENTS = YES;
				CLANG_WARN_EMPTY_BODY = YES;
				CLANG_WARN_ENUM_CONVERSION = YES;
				CLANG_WARN_INFINITE_RECURSION = YES;
				CLANG_WARN_INT_CONVERSION = YES;
				CLANG_WARN_NON_LITERAL_NULL_CONVERSION = YES;
				CLANG_WARN_OBJC_IMPLICIT_RETAIN_SELF = YES;
				CLANG_WARN_OBJC_LITERAL_CONVERSION = YES;
				CLANG_WARN_OBJC_ROOT_CLASS = YES_ERROR;
				CLANG_WARN_QUOTED_INCLUDE_IN_FRAMEWORK_HEADER = YES;
				CLANG_WARN_RANGE_LOOP_ANALYSIS = YES;
				CLANG_WARN_STRICT_PROTOTYPES = YES;
				CLANG_WARN_SUSPICIOUS_MOVE = YES;
				CLANG_WARN_UNGUARDED_AVAILABILITY = YES_AGGRESSIVE;
				CLANG_WARN_UNREACHABLE_CODE = YES;
				CLANG_WARN__DUPLICATE_METHOD_MATCH = YES;
				COPY_PHASE_STRIP = NO;
				DEBUG_INFORMATION_FORMAT = dwarf;
				ENABLE_STRICT_OBJC_MSGSEND = YES;
				ENABLE_TESTABILITY = YES;
				GCC_C_LANGUAGE_STANDARD = gnu11;
				GCC_DYNAMIC_NO_PIC = NO;
				GCC_NO_COMMON_BLOCKS = YES;
				GCC_OPTIMIZATION_LEVEL = 0;
				GCC_PREPROCESSOR_DEFINITIONS = (
					"DEBUG=1",
					"$(inherited)",
				);
				GCC_WARN_64_TO_32_BIT_CONVERSION = YES;
				GCC_WARN_ABOUT_RETURN_TYPE = YES_ERROR;
				GCC_WARN_UNDECLARED_SELECTOR = YES;
				GCC_WARN_UNINITIALIZED_AUTOS = YES_AGGRESSIVE;
				GCC_WARN_UNUSED_FUNCTION = YES;
				GCC_WARN_UNUSED_VARIABLE = YES;
				IPHONEOS_DEPLOYMENT_TARGET = 16.4;
				MTL_ENABLE_DEBUG_INFO = INCLUDE_SOURCE;
				MTL_FAST_MATH = YES;
				ONLY_ACTIVE_ARCH = YES;
				SDKROOT = iphoneos;
				SWIFT_ACTIVE_COMPILATION_CONDITIONS = DEBUG;
				SWIFT_OPTIMIZATION_LEVEL = "-Onone";
			};
			name = Debug;
		};
		867F675B2AA62112004AE0EE /* Release */ = {
			isa = XCBuildConfiguration;
			buildSettings = {
				ALWAYS_SEARCH_USER_PATHS = NO;
				CLANG_ANALYZER_NONNULL = YES;
				CLANG_ANALYZER_NUMBER_OBJECT_CONVERSION = YES_AGGRESSIVE;
				CLANG_CXX_LANGUAGE_STANDARD = "gnu++20";
				CLANG_ENABLE_MODULES = YES;
				CLANG_ENABLE_OBJC_ARC = YES;
				CLANG_ENABLE_OBJC_WEAK = YES;
				CLANG_WARN_BLOCK_CAPTURE_AUTORELEASING = YES;
				CLANG_WARN_BOOL_CONVERSION = YES;
				CLANG_WARN_COMMA = YES;
				CLANG_WARN_CONSTANT_CONVERSION = YES;
				CLANG_WARN_DEPRECATED_OBJC_IMPLEMENTATIONS = YES;
				CLANG_WARN_DIRECT_OBJC_ISA_USAGE = YES_ERROR;
				CLANG_WARN_DOCUMENTATION_COMMENTS = YES;
				CLANG_WARN_EMPTY_BODY = YES;
				CLANG_WARN_ENUM_CONVERSION = YES;
				CLANG_WARN_INFINITE_RECURSION = YES;
				CLANG_WARN_INT_CONVERSION = YES;
				CLANG_WARN_NON_LITERAL_NULL_CONVERSION = YES;
				CLANG_WARN_OBJC_IMPLICIT_RETAIN_SELF = YES;
				CLANG_WARN_OBJC_LITERAL_CONVERSION = YES;
				CLANG_WARN_OBJC_ROOT_CLASS = YES_ERROR;
				CLANG_WARN_QUOTED_INCLUDE_IN_FRAMEWORK_HEADER = YES;
				CLANG_WARN_RANGE_LOOP_ANALYSIS = YES;
				CLANG_WARN_STRICT_PROTOTYPES = YES;
				CLANG_WARN_SUSPICIOUS_MOVE = YES;
				CLANG_WARN_UNGUARDED_AVAILABILITY = YES_AGGRESSIVE;
				CLANG_WARN_UNREACHABLE_CODE = YES;
				CLANG_WARN__DUPLICATE_METHOD_MATCH = YES;
				COPY_PHASE_STRIP = NO;
				DEBUG_INFORMATION_FORMAT = "dwarf-with-dsym";
				ENABLE_NS_ASSERTIONS = NO;
				ENABLE_STRICT_OBJC_MSGSEND = YES;
				GCC_C_LANGUAGE_STANDARD = gnu11;
				GCC_NO_COMMON_BLOCKS = YES;
				GCC_WARN_64_TO_32_BIT_CONVERSION = YES;
				GCC_WARN_ABOUT_RETURN_TYPE = YES_ERROR;
				GCC_WARN_UNDECLARED_SELECTOR = YES;
				GCC_WARN_UNINITIALIZED_AUTOS = YES_AGGRESSIVE;
				GCC_WARN_UNUSED_FUNCTION = YES;
				GCC_WARN_UNUSED_VARIABLE = YES;
				IPHONEOS_DEPLOYMENT_TARGET = 16.4;
				MTL_ENABLE_DEBUG_INFO = NO;
				MTL_FAST_MATH = YES;
				SDKROOT = iphoneos;
				SWIFT_COMPILATION_MODE = wholemodule;
				SWIFT_OPTIMIZATION_LEVEL = "-O";
				VALIDATE_PRODUCT = YES;
			};
			name = Release;
		};
		867F675D2AA62112004AE0EE /* Debug */ = {
			isa = XCBuildConfiguration;
			buildSettings = {
				ASSETCATALOG_COMPILER_APPICON_NAME = AppIcon;
				ASSETCATALOG_COMPILER_GLOBAL_ACCENT_COLOR_NAME = AccentColor;
				CODE_SIGN_STYLE = Automatic;
				CURRENT_PROJECT_VERSION = 1;
				DEVELOPMENT_ASSET_PATHS = "\"MoyaTutorial/Preview Content\"";
				DEVELOPMENT_TEAM = 44SVK28983;
				ENABLE_PREVIEWS = YES;
				GENERATE_INFOPLIST_FILE = YES;
				INFOPLIST_KEY_UIApplicationSceneManifest_Generation = YES;
				INFOPLIST_KEY_UIApplicationSupportsIndirectInputEvents = YES;
				INFOPLIST_KEY_UILaunchScreen_Generation = YES;
				INFOPLIST_KEY_UISupportedInterfaceOrientations_iPad = "UIInterfaceOrientationPortrait UIInterfaceOrientationPortraitUpsideDown UIInterfaceOrientationLandscapeLeft UIInterfaceOrientationLandscapeRight";
				INFOPLIST_KEY_UISupportedInterfaceOrientations_iPhone = "UIInterfaceOrientationPortrait UIInterfaceOrientationLandscapeLeft UIInterfaceOrientationLandscapeRight";
				LD_RUNPATH_SEARCH_PATHS = (
					"$(inherited)",
					"@executable_path/Frameworks",
				);
				MARKETING_VERSION = 1.0;
				PRODUCT_BUNDLE_IDENTIFIER = com.Yimkeul.MoyaTutorial;
				PRODUCT_NAME = "$(TARGET_NAME)";
				SWIFT_EMIT_LOC_STRINGS = YES;
				SWIFT_VERSION = 5.0;
				TARGETED_DEVICE_FAMILY = "1,2";
			};
			name = Debug;
		};
		867F675E2AA62112004AE0EE /* Release */ = {
			isa = XCBuildConfiguration;
			buildSettings = {
				ASSETCATALOG_COMPILER_APPICON_NAME = AppIcon;
				ASSETCATALOG_COMPILER_GLOBAL_ACCENT_COLOR_NAME = AccentColor;
				CODE_SIGN_STYLE = Automatic;
				CURRENT_PROJECT_VERSION = 1;
				DEVELOPMENT_ASSET_PATHS = "\"MoyaTutorial/Preview Content\"";
				DEVELOPMENT_TEAM = 44SVK28983;
				ENABLE_PREVIEWS = YES;
				GENERATE_INFOPLIST_FILE = YES;
				INFOPLIST_KEY_UIApplicationSceneManifest_Generation = YES;
				INFOPLIST_KEY_UIApplicationSupportsIndirectInputEvents = YES;
				INFOPLIST_KEY_UILaunchScreen_Generation = YES;
				INFOPLIST_KEY_UISupportedInterfaceOrientations_iPad = "UIInterfaceOrientationPortrait UIInterfaceOrientationPortraitUpsideDown UIInterfaceOrientationLandscapeLeft UIInterfaceOrientationLandscapeRight";
				INFOPLIST_KEY_UISupportedInterfaceOrientations_iPhone = "UIInterfaceOrientationPortrait UIInterfaceOrientationLandscapeLeft UIInterfaceOrientationLandscapeRight";
				LD_RUNPATH_SEARCH_PATHS = (
					"$(inherited)",
					"@executable_path/Frameworks",
				);
				MARKETING_VERSION = 1.0;
				PRODUCT_BUNDLE_IDENTIFIER = com.Yimkeul.MoyaTutorial;
				PRODUCT_NAME = "$(TARGET_NAME)";
				SWIFT_EMIT_LOC_STRINGS = YES;
				SWIFT_VERSION = 5.0;
				TARGETED_DEVICE_FAMILY = "1,2";
			};
			name = Release;
		};
/* End XCBuildConfiguration section */

/* Begin XCConfigurationList section */
		867F67492AA62110004AE0EE /* Build configuration list for PBXProject "MoyaTutorial" */ = {
			isa = XCConfigurationList;
			buildConfigurations = (
				867F675A2AA62112004AE0EE /* Debug */,
				867F675B2AA62112004AE0EE /* Release */,
			);
			defaultConfigurationIsVisible = 0;
			defaultConfigurationName = Release;
		};
		867F675C2AA62112004AE0EE /* Build configuration list for PBXNativeTarget "MoyaTutorial" */ = {
			isa = XCConfigurationList;
			buildConfigurations = (
				867F675D2AA62112004AE0EE /* Debug */,
				867F675E2AA62112004AE0EE /* Release */,
			);
			defaultConfigurationIsVisible = 0;
			defaultConfigurationName = Release;
		};
/* End XCConfigurationList section */

/* Begin XCRemoteSwiftPackageReference section */
		867F675F2AA6215F004AE0EE /* XCRemoteSwiftPackageReference "Moya" */ = {
			isa = XCRemoteSwiftPackageReference;
			repositoryURL = "https://github.com/Moya/Moya.git";
			requirement = {
				kind = upToNextMajorVersion;
				minimumVersion = 15.0.0;
			};
		};
/* End XCRemoteSwiftPackageReference section */

/* Begin XCSwiftPackageProductDependency section */
		867F67602AA6215F004AE0EE /* CombineMoya */ = {
			isa = XCSwiftPackageProductDependency;
			package = 867F675F2AA6215F004AE0EE /* XCRemoteSwiftPackageReference "Moya" */;
			productName = CombineMoya;
		};
		867F67622AA6215F004AE0EE /* Moya */ = {
			isa = XCSwiftPackageProductDependency;
			package = 867F675F2AA6215F004AE0EE /* XCRemoteSwiftPackageReference "Moya" */;
			productName = Moya;
		};
		867F67642AA6215F004AE0EE /* ReactiveMoya */ = {
			isa = XCSwiftPackageProductDependency;
			package = 867F675F2AA6215F004AE0EE /* XCRemoteSwiftPackageReference "Moya" */;
			productName = ReactiveMoya;
		};
		867F67662AA6215F004AE0EE /* RxMoya */ = {
			isa = XCSwiftPackageProductDependency;
			package = 867F675F2AA6215F004AE0EE /* XCRemoteSwiftPackageReference "Moya" */;
			productName = RxMoya;
		};
/* End XCSwiftPackageProductDependency section */
	};
	rootObject = 867F67462AA62110004AE0EE /* Project object */;
}
