// !$*UTF8*$!
{
	archiveVersion = 1;
	classes = {
	};
	objectVersion = 56;
	objects = {

/* Begin PBXBuildFile section */
		8617841529AE45D0005E7EE2 /* GoogleService-Info.plist in Resources */ = {isa = PBXBuildFile; fileRef = 8617841429AE45D0005E7EE2 /* GoogleService-Info.plist */; };
		8654E3E529A8CA5000EA8A48 /* Roulette.swift in Sources */ = {isa = PBXBuildFile; fileRef = 8654E3E429A8CA5000EA8A48 /* Roulette.swift */; };
		8654E3EA29A9FA0300EA8A48 /* RouletteFillColor.swift in Sources */ = {isa = PBXBuildFile; fileRef = 8654E3E929A9FA0300EA8A48 /* RouletteFillColor.swift */; };
		8654E3EE29AB8FCB00EA8A48 /* RouletteData.swift in Sources */ = {isa = PBXBuildFile; fileRef = 8654E3ED29AB8FCB00EA8A48 /* RouletteData.swift */; };
		86CA761629B0825E0057E212 /* FirebaseAuth in Frameworks */ = {isa = PBXBuildFile; productRef = 86CA761529B0825E0057E212 /* FirebaseAuth */; };
		86CA761829B0825E0057E212 /* FirebaseDatabase in Frameworks */ = {isa = PBXBuildFile; productRef = 86CA761729B0825E0057E212 /* FirebaseDatabase */; };
		86CA761A29B0825E0057E212 /* FirebaseDatabaseSwift in Frameworks */ = {isa = PBXBuildFile; productRef = 86CA761929B0825E0057E212 /* FirebaseDatabaseSwift */; };
		86CA761C29B0825E0057E212 /* FirebaseFirestore in Frameworks */ = {isa = PBXBuildFile; productRef = 86CA761B29B0825E0057E212 /* FirebaseFirestore */; };
		86CA761E29B0825E0057E212 /* FirebaseFirestoreSwift in Frameworks */ = {isa = PBXBuildFile; productRef = 86CA761D29B0825E0057E212 /* FirebaseFirestoreSwift */; };
		86CA762029B0825E0057E212 /* FirebaseStorage in Frameworks */ = {isa = PBXBuildFile; productRef = 86CA761F29B0825E0057E212 /* FirebaseStorage */; };
		86CA762229B0835B0057E212 /* TestFirebase.swift in Sources */ = {isa = PBXBuildFile; fileRef = 86CA762129B0835B0057E212 /* TestFirebase.swift */; };
		86CA762429B085700057E212 /* Menu.swift in Sources */ = {isa = PBXBuildFile; fileRef = 86CA762329B085700057E212 /* Menu.swift */; };
		86CA762629B0859E0057E212 /* DataManager.swift in Sources */ = {isa = PBXBuildFile; fileRef = 86CA762529B0859E0057E212 /* DataManager.swift */; };
		86FD088429A88A32008FBEAB /* RecommandMenuApp.swift in Sources */ = {isa = PBXBuildFile; fileRef = 86FD088329A88A32008FBEAB /* RecommandMenuApp.swift */; };
		86FD088629A88A32008FBEAB /* ContentView.swift in Sources */ = {isa = PBXBuildFile; fileRef = 86FD088529A88A32008FBEAB /* ContentView.swift */; };
		86FD088829A88A33008FBEAB /* Assets.xcassets in Resources */ = {isa = PBXBuildFile; fileRef = 86FD088729A88A33008FBEAB /* Assets.xcassets */; };
		86FD088B29A88A33008FBEAB /* Preview Assets.xcassets in Resources */ = {isa = PBXBuildFile; fileRef = 86FD088A29A88A33008FBEAB /* Preview Assets.xcassets */; };
/* End PBXBuildFile section */

/* Begin PBXFileReference section */
		8617841429AE45D0005E7EE2 /* GoogleService-Info.plist */ = {isa = PBXFileReference; fileEncoding = 4; lastKnownFileType = text.plist.xml; path = "GoogleService-Info.plist"; sourceTree = "<group>"; };
		8654E3E429A8CA5000EA8A48 /* Roulette.swift */ = {isa = PBXFileReference; lastKnownFileType = sourcecode.swift; path = Roulette.swift; sourceTree = "<group>"; };
		8654E3E929A9FA0300EA8A48 /* RouletteFillColor.swift */ = {isa = PBXFileReference; lastKnownFileType = sourcecode.swift; path = RouletteFillColor.swift; sourceTree = "<group>"; };
		8654E3ED29AB8FCB00EA8A48 /* RouletteData.swift */ = {isa = PBXFileReference; lastKnownFileType = sourcecode.swift; path = RouletteData.swift; sourceTree = "<group>"; };
		86CA762129B0835B0057E212 /* TestFirebase.swift */ = {isa = PBXFileReference; lastKnownFileType = sourcecode.swift; path = TestFirebase.swift; sourceTree = "<group>"; };
		86CA762329B085700057E212 /* Menu.swift */ = {isa = PBXFileReference; lastKnownFileType = sourcecode.swift; path = Menu.swift; sourceTree = "<group>"; };
		86CA762529B0859E0057E212 /* DataManager.swift */ = {isa = PBXFileReference; lastKnownFileType = sourcecode.swift; path = DataManager.swift; sourceTree = "<group>"; };
		86FD088029A88A32008FBEAB /* RecommandMenu.app */ = {isa = PBXFileReference; explicitFileType = wrapper.application; includeInIndex = 0; path = RecommandMenu.app; sourceTree = BUILT_PRODUCTS_DIR; };
		86FD088329A88A32008FBEAB /* RecommandMenuApp.swift */ = {isa = PBXFileReference; lastKnownFileType = sourcecode.swift; path = RecommandMenuApp.swift; sourceTree = "<group>"; };
		86FD088529A88A32008FBEAB /* ContentView.swift */ = {isa = PBXFileReference; lastKnownFileType = sourcecode.swift; path = ContentView.swift; sourceTree = "<group>"; };
		86FD088729A88A33008FBEAB /* Assets.xcassets */ = {isa = PBXFileReference; lastKnownFileType = folder.assetcatalog; path = Assets.xcassets; sourceTree = "<group>"; };
		86FD088A29A88A33008FBEAB /* Preview Assets.xcassets */ = {isa = PBXFileReference; lastKnownFileType = folder.assetcatalog; path = "Preview Assets.xcassets"; sourceTree = "<group>"; };
/* End PBXFileReference section */

/* Begin PBXFrameworksBuildPhase section */
		86FD087D29A88A32008FBEAB /* Frameworks */ = {
			isa = PBXFrameworksBuildPhase;
			buildActionMask = 2147483647;
			files = (
				86CA761E29B0825E0057E212 /* FirebaseFirestoreSwift in Frameworks */,
				86CA761A29B0825E0057E212 /* FirebaseDatabaseSwift in Frameworks */,
				86CA761C29B0825E0057E212 /* FirebaseFirestore in Frameworks */,
				86CA761829B0825E0057E212 /* FirebaseDatabase in Frameworks */,
				86CA761629B0825E0057E212 /* FirebaseAuth in Frameworks */,
				86CA762029B0825E0057E212 /* FirebaseStorage in Frameworks */,
			);
			runOnlyForDeploymentPostprocessing = 0;
		};
/* End PBXFrameworksBuildPhase section */

/* Begin PBXGroup section */
		86FD087729A88A32008FBEAB = {
			isa = PBXGroup;
			children = (
				86FD088229A88A32008FBEAB /* RecommandMenu */,
				86FD088129A88A32008FBEAB /* Products */,
			);
			sourceTree = "<group>";
		};
		86FD088129A88A32008FBEAB /* Products */ = {
			isa = PBXGroup;
			children = (
				86FD088029A88A32008FBEAB /* RecommandMenu.app */,
			);
			name = Products;
			sourceTree = "<group>";
		};
		86FD088229A88A32008FBEAB /* RecommandMenu */ = {
			isa = PBXGroup;
			children = (
				86FD088329A88A32008FBEAB /* RecommandMenuApp.swift */,
				86FD088529A88A32008FBEAB /* ContentView.swift */,
				86CA762129B0835B0057E212 /* TestFirebase.swift */,
				8654E3E429A8CA5000EA8A48 /* Roulette.swift */,
				8654E3E929A9FA0300EA8A48 /* RouletteFillColor.swift */,
				8654E3ED29AB8FCB00EA8A48 /* RouletteData.swift */,
				86FD088729A88A33008FBEAB /* Assets.xcassets */,
				8617841429AE45D0005E7EE2 /* GoogleService-Info.plist */,
				86FD088929A88A33008FBEAB /* Preview Content */,
				86CA762329B085700057E212 /* Menu.swift */,
				86CA762529B0859E0057E212 /* DataManager.swift */,
			);
			path = RecommandMenu;
			sourceTree = "<group>";
		};
		86FD088929A88A33008FBEAB /* Preview Content */ = {
			isa = PBXGroup;
			children = (
				86FD088A29A88A33008FBEAB /* Preview Assets.xcassets */,
			);
			path = "Preview Content";
			sourceTree = "<group>";
		};
/* End PBXGroup section */

/* Begin PBXNativeTarget section */
		86FD087F29A88A32008FBEAB /* RecommandMenu */ = {
			isa = PBXNativeTarget;
			buildConfigurationList = 86FD088E29A88A33008FBEAB /* Build configuration list for PBXNativeTarget "RecommandMenu" */;
			buildPhases = (
				86FD087C29A88A32008FBEAB /* Sources */,
				86FD087D29A88A32008FBEAB /* Frameworks */,
				86FD087E29A88A32008FBEAB /* Resources */,
			);
			buildRules = (
			);
			dependencies = (
			);
			name = RecommandMenu;
			packageProductDependencies = (
				86CA761529B0825E0057E212 /* FirebaseAuth */,
				86CA761729B0825E0057E212 /* FirebaseDatabase */,
				86CA761929B0825E0057E212 /* FirebaseDatabaseSwift */,
				86CA761B29B0825E0057E212 /* FirebaseFirestore */,
				86CA761D29B0825E0057E212 /* FirebaseFirestoreSwift */,
				86CA761F29B0825E0057E212 /* FirebaseStorage */,
			);
			productName = RecommandMenu;
			productReference = 86FD088029A88A32008FBEAB /* RecommandMenu.app */;
			productType = "com.apple.product-type.application";
		};
/* End PBXNativeTarget section */

/* Begin PBXProject section */
		86FD087829A88A32008FBEAB /* Project object */ = {
			isa = PBXProject;
			attributes = {
				BuildIndependentTargetsInParallel = 1;
				LastSwiftUpdateCheck = 1420;
				LastUpgradeCheck = 1420;
				TargetAttributes = {
					86FD087F29A88A32008FBEAB = {
						CreatedOnToolsVersion = 14.2;
					};
				};
			};
			buildConfigurationList = 86FD087B29A88A32008FBEAB /* Build configuration list for PBXProject "RecommandMenu" */;
			compatibilityVersion = "Xcode 14.0";
			developmentRegion = en;
			hasScannedForEncodings = 0;
			knownRegions = (
				en,
				Base,
			);
			mainGroup = 86FD087729A88A32008FBEAB;
			packageReferences = (
				86CA761429B0825E0057E212 /* XCRemoteSwiftPackageReference "firebase-ios-sdk" */,
			);
			productRefGroup = 86FD088129A88A32008FBEAB /* Products */;
			projectDirPath = "";
			projectRoot = "";
			targets = (
				86FD087F29A88A32008FBEAB /* RecommandMenu */,
			);
		};
/* End PBXProject section */

/* Begin PBXResourcesBuildPhase section */
		86FD087E29A88A32008FBEAB /* Resources */ = {
			isa = PBXResourcesBuildPhase;
			buildActionMask = 2147483647;
			files = (
				86FD088B29A88A33008FBEAB /* Preview Assets.xcassets in Resources */,
				86FD088829A88A33008FBEAB /* Assets.xcassets in Resources */,
				8617841529AE45D0005E7EE2 /* GoogleService-Info.plist in Resources */,
			);
			runOnlyForDeploymentPostprocessing = 0;
		};
/* End PBXResourcesBuildPhase section */

/* Begin PBXSourcesBuildPhase section */
		86FD087C29A88A32008FBEAB /* Sources */ = {
			isa = PBXSourcesBuildPhase;
			buildActionMask = 2147483647;
			files = (
				86CA762229B0835B0057E212 /* TestFirebase.swift in Sources */,
				86CA762629B0859E0057E212 /* DataManager.swift in Sources */,
				8654E3EE29AB8FCB00EA8A48 /* RouletteData.swift in Sources */,
				86CA762429B085700057E212 /* Menu.swift in Sources */,
				8654E3E529A8CA5000EA8A48 /* Roulette.swift in Sources */,
				86FD088629A88A32008FBEAB /* ContentView.swift in Sources */,
				86FD088429A88A32008FBEAB /* RecommandMenuApp.swift in Sources */,
				8654E3EA29A9FA0300EA8A48 /* RouletteFillColor.swift in Sources */,
			);
			runOnlyForDeploymentPostprocessing = 0;
		};
/* End PBXSourcesBuildPhase section */

/* Begin XCBuildConfiguration section */
		86FD088C29A88A33008FBEAB /* Debug */ = {
			isa = XCBuildConfiguration;
			buildSettings = {
				ALWAYS_SEARCH_USER_PATHS = NO;
				CLANG_ANALYZER_NONNULL = YES;
				CLANG_ANALYZER_NUMBER_OBJECT_CONVERSION = YES_AGGRESSIVE;
				CLANG_CXX_LANGUAGE_STANDARD = "gnu++20";
				CLANG_ENABLE_MODULES = YES;
				CLANG_ENABLE_OBJC_ARC = YES;
				CLANG_ENABLE_OBJC_WEAK = YES;
				CLANG_WARN_BLOCK_CAPTURE_AUTORELEASING = YES;
				CLANG_WARN_BOOL_CONVERSION = YES;
				CLANG_WARN_COMMA = YES;
				CLANG_WARN_CONSTANT_CONVERSION = YES;
				CLANG_WARN_DEPRECATED_OBJC_IMPLEMENTATIONS = YES;
				CLANG_WARN_DIRECT_OBJC_ISA_USAGE = YES_ERROR;
				CLANG_WARN_DOCUMENTATION_COMMENTS = YES;
				CLANG_WARN_EMPTY_BODY = YES;
				CLANG_WARN_ENUM_CONVERSION = YES;
				CLANG_WARN_INFINITE_RECURSION = YES;
				CLANG_WARN_INT_CONVERSION = YES;
				CLANG_WARN_NON_LITERAL_NULL_CONVERSION = YES;
				CLANG_WARN_OBJC_IMPLICIT_RETAIN_SELF = YES;
				CLANG_WARN_OBJC_LITERAL_CONVERSION = YES;
				CLANG_WARN_OBJC_ROOT_CLASS = YES_ERROR;
				CLANG_WARN_QUOTED_INCLUDE_IN_FRAMEWORK_HEADER = YES;
				CLANG_WARN_RANGE_LOOP_ANALYSIS = YES;
				CLANG_WARN_STRICT_PROTOTYPES = YES;
				CLANG_WARN_SUSPICIOUS_MOVE = YES;
				CLANG_WARN_UNGUARDED_AVAILABILITY = YES_AGGRESSIVE;
				CLANG_WARN_UNREACHABLE_CODE = YES;
				CLANG_WARN__DUPLICATE_METHOD_MATCH = YES;
				COPY_PHASE_STRIP = NO;
				DEBUG_INFORMATION_FORMAT = dwarf;
				ENABLE_STRICT_OBJC_MSGSEND = YES;
				ENABLE_TESTABILITY = YES;
				GCC_C_LANGUAGE_STANDARD = gnu11;
				GCC_DYNAMIC_NO_PIC = NO;
				GCC_NO_COMMON_BLOCKS = YES;
				GCC_OPTIMIZATION_LEVEL = 0;
				GCC_PREPROCESSOR_DEFINITIONS = (
					"DEBUG=1",
					"$(inherited)",
				);
				GCC_WARN_64_TO_32_BIT_CONVERSION = YES;
				GCC_WARN_ABOUT_RETURN_TYPE = YES_ERROR;
				GCC_WARN_UNDECLARED_SELECTOR = YES;
				GCC_WARN_UNINITIALIZED_AUTOS = YES_AGGRESSIVE;
				GCC_WARN_UNUSED_FUNCTION = YES;
				GCC_WARN_UNUSED_VARIABLE = YES;
				IPHONEOS_DEPLOYMENT_TARGET = 16.2;
				MTL_ENABLE_DEBUG_INFO = INCLUDE_SOURCE;
				MTL_FAST_MATH = YES;
				ONLY_ACTIVE_ARCH = YES;
				SDKROOT = iphoneos;
				SWIFT_ACTIVE_COMPILATION_CONDITIONS = DEBUG;
				SWIFT_OPTIMIZATION_LEVEL = "-Onone";
			};
			name = Debug;
		};
		86FD088D29A88A33008FBEAB /* Release */ = {
			isa = XCBuildConfiguration;
			buildSettings = {
				ALWAYS_SEARCH_USER_PATHS = NO;
				CLANG_ANALYZER_NONNULL = YES;
				CLANG_ANALYZER_NUMBER_OBJECT_CONVERSION = YES_AGGRESSIVE;
				CLANG_CXX_LANGUAGE_STANDARD = "gnu++20";
				CLANG_ENABLE_MODULES = YES;
				CLANG_ENABLE_OBJC_ARC = YES;
				CLANG_ENABLE_OBJC_WEAK = YES;
				CLANG_WARN_BLOCK_CAPTURE_AUTORELEASING = YES;
				CLANG_WARN_BOOL_CONVERSION = YES;
				CLANG_WARN_COMMA = YES;
				CLANG_WARN_CONSTANT_CONVERSION = YES;
				CLANG_WARN_DEPRECATED_OBJC_IMPLEMENTATIONS = YES;
				CLANG_WARN_DIRECT_OBJC_ISA_USAGE = YES_ERROR;
				CLANG_WARN_DOCUMENTATION_COMMENTS = YES;
				CLANG_WARN_EMPTY_BODY = YES;
				CLANG_WARN_ENUM_CONVERSION = YES;
				CLANG_WARN_INFINITE_RECURSION = YES;
				CLANG_WARN_INT_CONVERSION = YES;
				CLANG_WARN_NON_LITERAL_NULL_CONVERSION = YES;
				CLANG_WARN_OBJC_IMPLICIT_RETAIN_SELF = YES;
				CLANG_WARN_OBJC_LITERAL_CONVERSION = YES;
				CLANG_WARN_OBJC_ROOT_CLASS = YES_ERROR;
				CLANG_WARN_QUOTED_INCLUDE_IN_FRAMEWORK_HEADER = YES;
				CLANG_WARN_RANGE_LOOP_ANALYSIS = YES;
				CLANG_WARN_STRICT_PROTOTYPES = YES;
				CLANG_WARN_SUSPICIOUS_MOVE = YES;
				CLANG_WARN_UNGUARDED_AVAILABILITY = YES_AGGRESSIVE;
				CLANG_WARN_UNREACHABLE_CODE = YES;
				CLANG_WARN__DUPLICATE_METHOD_MATCH = YES;
				COPY_PHASE_STRIP = NO;
				DEBUG_INFORMATION_FORMAT = "dwarf-with-dsym";
				ENABLE_NS_ASSERTIONS = NO;
				ENABLE_STRICT_OBJC_MSGSEND = YES;
				GCC_C_LANGUAGE_STANDARD = gnu11;
				GCC_NO_COMMON_BLOCKS = YES;
				GCC_WARN_64_TO_32_BIT_CONVERSION = YES;
				GCC_WARN_ABOUT_RETURN_TYPE = YES_ERROR;
				GCC_WARN_UNDECLARED_SELECTOR = YES;
				GCC_WARN_UNINITIALIZED_AUTOS = YES_AGGRESSIVE;
				GCC_WARN_UNUSED_FUNCTION = YES;
				GCC_WARN_UNUSED_VARIABLE = YES;
				IPHONEOS_DEPLOYMENT_TARGET = 16.2;
				MTL_ENABLE_DEBUG_INFO = NO;
				MTL_FAST_MATH = YES;
				SDKROOT = iphoneos;
				SWIFT_COMPILATION_MODE = wholemodule;
				SWIFT_OPTIMIZATION_LEVEL = "-O";
				VALIDATE_PRODUCT = YES;
			};
			name = Release;
		};
		86FD088F29A88A33008FBEAB /* Debug */ = {
			isa = XCBuildConfiguration;
			buildSettings = {
				ASSETCATALOG_COMPILER_APPICON_NAME = AppIcon;
				ASSETCATALOG_COMPILER_GLOBAL_ACCENT_COLOR_NAME = AccentColor;
				CODE_SIGN_STYLE = Automatic;
				CURRENT_PROJECT_VERSION = 1;
				DEVELOPMENT_ASSET_PATHS = "\"RecommandMenu/Preview Content\"";
				DEVELOPMENT_TEAM = 44SVK28983;
				ENABLE_PREVIEWS = YES;
				GENERATE_INFOPLIST_FILE = YES;
				INFOPLIST_KEY_UIApplicationSceneManifest_Generation = YES;
				INFOPLIST_KEY_UIApplicationSupportsIndirectInputEvents = YES;
				INFOPLIST_KEY_UILaunchScreen_Generation = YES;
				INFOPLIST_KEY_UISupportedInterfaceOrientations_iPad = "UIInterfaceOrientationPortrait UIInterfaceOrientationPortraitUpsideDown UIInterfaceOrientationLandscapeLeft UIInterfaceOrientationLandscapeRight";
				INFOPLIST_KEY_UISupportedInterfaceOrientations_iPhone = "UIInterfaceOrientationPortrait UIInterfaceOrientationLandscapeLeft UIInterfaceOrientationLandscapeRight";
				LD_RUNPATH_SEARCH_PATHS = (
					"$(inherited)",
					"@executable_path/Frameworks",
				);
				MARKETING_VERSION = 1.0;
				PRODUCT_BUNDLE_IDENTIFIER = com.Yimkeul.RecommandMenu;
				PRODUCT_NAME = "$(TARGET_NAME)";
				SWIFT_EMIT_LOC_STRINGS = YES;
				SWIFT_VERSION = 5.0;
				TARGETED_DEVICE_FAMILY = "1,2";
			};
			name = Debug;
		};
		86FD089029A88A33008FBEAB /* Release */ = {
			isa = XCBuildConfiguration;
			buildSettings = {
				ASSETCATALOG_COMPILER_APPICON_NAME = AppIcon;
				ASSETCATALOG_COMPILER_GLOBAL_ACCENT_COLOR_NAME = AccentColor;
				CODE_SIGN_STYLE = Automatic;
				CURRENT_PROJECT_VERSION = 1;
				DEVELOPMENT_ASSET_PATHS = "\"RecommandMenu/Preview Content\"";
				DEVELOPMENT_TEAM = 44SVK28983;
				ENABLE_PREVIEWS = YES;
				GENERATE_INFOPLIST_FILE = YES;
				INFOPLIST_KEY_UIApplicationSceneManifest_Generation = YES;
				INFOPLIST_KEY_UIApplicationSupportsIndirectInputEvents = YES;
				INFOPLIST_KEY_UILaunchScreen_Generation = YES;
				INFOPLIST_KEY_UISupportedInterfaceOrientations_iPad = "UIInterfaceOrientationPortrait UIInterfaceOrientationPortraitUpsideDown UIInterfaceOrientationLandscapeLeft UIInterfaceOrientationLandscapeRight";
				INFOPLIST_KEY_UISupportedInterfaceOrientations_iPhone = "UIInterfaceOrientationPortrait UIInterfaceOrientationLandscapeLeft UIInterfaceOrientationLandscapeRight";
				LD_RUNPATH_SEARCH_PATHS = (
					"$(inherited)",
					"@executable_path/Frameworks",
				);
				MARKETING_VERSION = 1.0;
				PRODUCT_BUNDLE_IDENTIFIER = com.Yimkeul.RecommandMenu;
				PRODUCT_NAME = "$(TARGET_NAME)";
				SWIFT_EMIT_LOC_STRINGS = YES;
				SWIFT_VERSION = 5.0;
				TARGETED_DEVICE_FAMILY = "1,2";
			};
			name = Release;
		};
/* End XCBuildConfiguration section */

/* Begin XCConfigurationList section */
		86FD087B29A88A32008FBEAB /* Build configuration list for PBXProject "RecommandMenu" */ = {
			isa = XCConfigurationList;
			buildConfigurations = (
				86FD088C29A88A33008FBEAB /* Debug */,
				86FD088D29A88A33008FBEAB /* Release */,
			);
			defaultConfigurationIsVisible = 0;
			defaultConfigurationName = Release;
		};
		86FD088E29A88A33008FBEAB /* Build configuration list for PBXNativeTarget "RecommandMenu" */ = {
			isa = XCConfigurationList;
			buildConfigurations = (
				86FD088F29A88A33008FBEAB /* Debug */,
				86FD089029A88A33008FBEAB /* Release */,
			);
			defaultConfigurationIsVisible = 0;
			defaultConfigurationName = Release;
		};
/* End XCConfigurationList section */

/* Begin XCRemoteSwiftPackageReference section */
		86CA761429B0825E0057E212 /* XCRemoteSwiftPackageReference "firebase-ios-sdk" */ = {
			isa = XCRemoteSwiftPackageReference;
			repositoryURL = "https://github.com/firebase/firebase-ios-sdk";
			requirement = {
				kind = upToNextMajorVersion;
				minimumVersion = 9.0.0;
			};
		};
/* End XCRemoteSwiftPackageReference section */

/* Begin XCSwiftPackageProductDependency section */
		86CA761529B0825E0057E212 /* FirebaseAuth */ = {
			isa = XCSwiftPackageProductDependency;
			package = 86CA761429B0825E0057E212 /* XCRemoteSwiftPackageReference "firebase-ios-sdk" */;
			productName = FirebaseAuth;
		};
		86CA761729B0825E0057E212 /* FirebaseDatabase */ = {
			isa = XCSwiftPackageProductDependency;
			package = 86CA761429B0825E0057E212 /* XCRemoteSwiftPackageReference "firebase-ios-sdk" */;
			productName = FirebaseDatabase;
		};
		86CA761929B0825E0057E212 /* FirebaseDatabaseSwift */ = {
			isa = XCSwiftPackageProductDependency;
			package = 86CA761429B0825E0057E212 /* XCRemoteSwiftPackageReference "firebase-ios-sdk" */;
			productName = FirebaseDatabaseSwift;
		};
		86CA761B29B0825E0057E212 /* FirebaseFirestore */ = {
			isa = XCSwiftPackageProductDependency;
			package = 86CA761429B0825E0057E212 /* XCRemoteSwiftPackageReference "firebase-ios-sdk" */;
			productName = FirebaseFirestore;
		};
		86CA761D29B0825E0057E212 /* FirebaseFirestoreSwift */ = {
			isa = XCSwiftPackageProductDependency;
			package = 86CA761429B0825E0057E212 /* XCRemoteSwiftPackageReference "firebase-ios-sdk" */;
			productName = FirebaseFirestoreSwift;
		};
		86CA761F29B0825E0057E212 /* FirebaseStorage */ = {
			isa = XCSwiftPackageProductDependency;
			package = 86CA761429B0825E0057E212 /* XCRemoteSwiftPackageReference "firebase-ios-sdk" */;
			productName = FirebaseStorage;
		};
/* End XCSwiftPackageProductDependency section */
	};
	rootObject = 86FD087829A88A32008FBEAB /* Project object */;
}
